
Microsoft Visual Studio Solution File, Format Version 12.00
# Visual Studio Version 16
VisualStudioVersion = 16.0.810.21
MinimumVisualStudioVersion = 10.0.40219.1
Project("{FAE04EC0-301F-11D3-BF4B-00C04F79EFBC}") = "Functions", "Functions\Functions.csproj", "{21DBC150-7E37-4666-9B7C-6272576C4F88}"
EndProject
Global
	GlobalSection(SolutionConfigurationPlatforms) = preSolution
		Debug|anycpu = Debug|anycpu
		Release|anycpu = Release|anycpu
	EndGlobalSection
	GlobalSection(ProjectConfigurationPlatforms) = postSolution
		{21DBC150-7E37-4666-9B7C-6272576C4F88}.Debug|anycpu.ActiveCfg = Debug|anycpu
		{21DBC150-7E37-4666-9B7C-6272576C4F88}.Debug|anycpu.Build.0 = Debug|anycpu
		{21DBC150-7E37-4666-9B7C-6272576C4F88}.Release|anycpu.ActiveCfg = Release|anycpu
		{21DBC150-7E37-4666-9B7C-6272576C4F88}.Release|anycpu.Build.0 = Release|anycpu
	EndGlobalSection
	GlobalSection(SolutionProperties) = preSolution
		HideSolutionNode = FALSE
	EndGlobalSection
	GlobalSection(ExtensibilityGlobals) = postSolution
		SolutionGuid = {56E8B05C-0D1F-47DF-8536-B289B82D7AB2}
	EndGlobalSection
EndGlobal
