
Microsoft Visual Studio Solution File, Format Version 12.00
# Visual Studio Version 16
VisualStudioVersion = 16.0.810.21
MinimumVisualStudioVersion = 10.0.40219.1
Project("{FAE04EC0-301F-11D3-BF4B-00C04F79EFBC}") = "LinqObjects", "LinqObjects\LinqObjects.csproj", "{C16D02B9-6CE4-4EEB-9A9C-E7AFBBB02E86}"
EndProject
Global
	GlobalSection(SolutionConfigurationPlatforms) = preSolution
		Debug|anycpu = Debug|anycpu
		Release|anycpu = Release|anycpu
	EndGlobalSection
	GlobalSection(ProjectConfigurationPlatforms) = postSolution
		{C16D02B9-6CE4-4EEB-9A9C-E7AFBBB02E86}.Debug|anycpu.ActiveCfg = Debug|anycpu
		{C16D02B9-6CE4-4EEB-9A9C-E7AFBBB02E86}.Debug|anycpu.Build.0 = Debug|anycpu
		{C16D02B9-6CE4-4EEB-9A9C-E7AFBBB02E86}.Release|anycpu.ActiveCfg = Release|anycpu
		{C16D02B9-6CE4-4EEB-9A9C-E7AFBBB02E86}.Release|anycpu.Build.0 = Release|anycpu
	EndGlobalSection
	GlobalSection(SolutionProperties) = preSolution
		HideSolutionNode = FALSE
	EndGlobalSection
	GlobalSection(ExtensibilityGlobals) = postSolution
		SolutionGuid = {1E8364C2-17A5-40D3-AF0E-6CB08B820F1B}
	EndGlobalSection
EndGlobal
