
Microsoft Visual Studio Solution File, Format Version 12.00
# Visual Studio Version 16
VisualStudioVersion = 16.0.810.21
MinimumVisualStudioVersion = 10.0.40219.1
Project("{FAE04EC0-301F-11D3-BF4B-00C04F79EFBC}") = "oop", "oop\oop.csproj", "{2FB4BC1C-B9FE-4ECE-B3F6-176C473FA17E}"
EndProject
Global
	GlobalSection(SolutionConfigurationPlatforms) = preSolution
		Debug|anycpu = Debug|anycpu
		Release|anycpu = Release|anycpu
	EndGlobalSection
	GlobalSection(ProjectConfigurationPlatforms) = postSolution
		{2FB4BC1C-B9FE-4ECE-B3F6-176C473FA17E}.Debug|anycpu.ActiveCfg = Debug|anycpu
		{2FB4BC1C-B9FE-4ECE-B3F6-176C473FA17E}.Debug|anycpu.Build.0 = Debug|anycpu
		{2FB4BC1C-B9FE-4ECE-B3F6-176C473FA17E}.Release|anycpu.ActiveCfg = Release|anycpu
		{2FB4BC1C-B9FE-4ECE-B3F6-176C473FA17E}.Release|anycpu.Build.0 = Release|anycpu
	EndGlobalSection
	GlobalSection(SolutionProperties) = preSolution
		HideSolutionNode = FALSE
	EndGlobalSection
	GlobalSection(ExtensibilityGlobals) = postSolution
		SolutionGuid = {35023C44-C902-48D6-8F1B-E75D14FD4D52}
	EndGlobalSection
EndGlobal
