
Microsoft Visual Studio Solution File, Format Version 12.00
# Visual Studio Version 16
VisualStudioVersion = 16.0.810.21
MinimumVisualStudioVersion = 10.0.40219.1
Project("{FAE04EC0-301F-11D3-BF4B-00C04F79EFBC}") = "DataTypes", "DataTypes\DataTypes.csproj", "{F1585D15-A9E3-4DDA-949A-C8D4F1502021}"
EndProject
Global
	GlobalSection(SolutionConfigurationPlatforms) = preSolution
		Debug|anycpu = Debug|anycpu
		Release|anycpu = Release|anycpu
	EndGlobalSection
	GlobalSection(ProjectConfigurationPlatforms) = postSolution
		{F1585D15-A9E3-4DDA-949A-C8D4F1502021}.Debug|anycpu.ActiveCfg = Debug|anycpu
		{F1585D15-A9E3-4DDA-949A-C8D4F1502021}.Debug|anycpu.Build.0 = Debug|anycpu
		{F1585D15-A9E3-4DDA-949A-C8D4F1502021}.Release|anycpu.ActiveCfg = Release|anycpu
		{F1585D15-A9E3-4DDA-949A-C8D4F1502021}.Release|anycpu.Build.0 = Release|anycpu
	EndGlobalSection
	GlobalSection(SolutionProperties) = preSolution
		HideSolutionNode = FALSE
	EndGlobalSection
	GlobalSection(ExtensibilityGlobals) = postSolution
		SolutionGuid = {4D44D516-97E2-4F59-BF1E-A3A5ED14F0AB}
	EndGlobalSection
EndGlobal
