
Microsoft Visual Studio Solution File, Format Version 12.00
# Visual Studio Version 16
VisualStudioVersion = 16.0.32413.511
MinimumVisualStudioVersion = 10.0.40219.1
Project("{FAE04EC0-301F-11D3-BF4B-00C04F79EFBC}") = "AreasProject", "AreasProject\AreasProject.csproj", "{E61E325F-F2B6-4244-9517-8F3ADA954E5A}"
EndProject
Global
	GlobalSection(SolutionConfigurationPlatforms) = preSolution
		Debug|Any CPU = Debug|Any CPU
		Release|Any CPU = Release|Any CPU
	EndGlobalSection
	GlobalSection(ProjectConfigurationPlatforms) = postSolution
		{E61E325F-F2B6-4244-9517-8F3ADA954E5A}.Debug|Any CPU.ActiveCfg = Debug|Any CPU
		{E61E325F-F2B6-4244-9517-8F3ADA954E5A}.Debug|Any CPU.Build.0 = Debug|Any CPU
		{E61E325F-F2B6-4244-9517-8F3ADA954E5A}.Release|Any CPU.ActiveCfg = Release|Any CPU
		{E61E325F-F2B6-4244-9517-8F3ADA954E5A}.Release|Any CPU.Build.0 = Release|Any CPU
	EndGlobalSection
	GlobalSection(SolutionProperties) = preSolution
		HideSolutionNode = FALSE
	EndGlobalSection
	GlobalSection(ExtensibilityGlobals) = postSolution
		SolutionGuid = {0428A8D6-4253-4645-A8AA-8C584E78C98B}
	EndGlobalSection
EndGlobal
